
Microsoft Visual Studio Solution File, Format Version 12.00
# Visual Studio Version 16
VisualStudioVersion = 16.0.29020.237
MinimumVisualStudioVersion = 10.0.40219.1
Project("{FAE04EC0-301F-11D3-BF4B-00C04F79EFBC}") = "websocketserver", "websocketserver\websocketserver.csproj", "{5F4ECAA4-7B45-4035-9318-2025CFE0642A}"
EndProject
Project("{FAE04EC0-301F-11D3-BF4B-00C04F79EFBC}") = "websocketclient", "websocketclient\websocketclient.csproj", "{CB056860-6C44-4E9D-86F4-56A46C86AE7D}"
EndProject
Global
	GlobalSection(SolutionConfigurationPlatforms) = preSolution
		Debug|Any CPU = Debug|Any CPU
		Release|Any CPU = Release|Any CPU
	EndGlobalSection
	GlobalSection(ProjectConfigurationPlatforms) = postSolution
		{5F4ECAA4-7B45-4035-9318-2025CFE0642A}.Debug|Any CPU.ActiveCfg = Debug|Any CPU
		{5F4ECAA4-7B45-4035-9318-2025CFE0642A}.Debug|Any CPU.Build.0 = Debug|Any CPU
		{5F4ECAA4-7B45-4035-9318-2025CFE0642A}.Release|Any CPU.ActiveCfg = Release|Any CPU
		{5F4ECAA4-7B45-4035-9318-2025CFE0642A}.Release|Any CPU.Build.0 = Release|Any CPU
		{CB056860-6C44-4E9D-86F4-56A46C86AE7D}.Debug|Any CPU.ActiveCfg = Debug|Any CPU
		{CB056860-6C44-4E9D-86F4-56A46C86AE7D}.Debug|Any CPU.Build.0 = Debug|Any CPU
		{CB056860-6C44-4E9D-86F4-56A46C86AE7D}.Release|Any CPU.ActiveCfg = Release|Any CPU
		{CB056860-6C44-4E9D-86F4-56A46C86AE7D}.Release|Any CPU.Build.0 = Release|Any CPU
	EndGlobalSection
	GlobalSection(SolutionProperties) = preSolution
		HideSolutionNode = FALSE
	EndGlobalSection
	GlobalSection(ExtensibilityGlobals) = postSolution
		SolutionGuid = {FC377336-C3E3-4918-AE2A-87DFCC4AC7FD}
	EndGlobalSection
EndGlobal
